// !$*UTF8*$!
{
	archiveVersion = 1;
	classes = {
	};
	objectVersion = 46;
	objects = {
/* Begin PBXBuildFile section */
		0207DA581B56EA530066E2B4 /* Images.xcassets in Resources */ = {isa = PBXBuildFile; fileRef = 0207DA571B56EA530066E2B4 /* Images.xcassets */; };
		1D3623260D0F684500981E51 /* AppDelegate.m in Sources */ = {isa = PBXBuildFile; fileRef = 1D3623250D0F684500981E51 /* AppDelegate.m */; };
		1D60589B0D05DD56006BFB54 /* main.m in Sources */ = {isa = PBXBuildFile; fileRef = 29B97316FDCFA39411CA2CEA /* main.m */; };
		301BF552109A68D80062928A /* libCordova.a in Frameworks */ = {isa = PBXBuildFile; fileRef = 301BF535109A57CC0062928A /* libCordova.a */; };
		302D95F114D2391D003F00A1 /* MainViewController.m in Sources */ = {isa = PBXBuildFile; fileRef = 302D95EF14D2391D003F00A1 /* MainViewController.m */; };
		302D95F214D2391D003F00A1 /* MainViewController.xib in Resources */ = {isa = PBXBuildFile; fileRef = 302D95F014D2391D003F00A1 /* MainViewController.xib */; };
		3047A5121AB8059700498E2A /* build-debug.xcconfig in Resources */ = {isa = PBXBuildFile; fileRef = 3047A50F1AB8059700498E2A /* build-debug.xcconfig */; };
		3047A5131AB8059700498E2A /* build-release.xcconfig in Resources */ = {isa = PBXBuildFile; fileRef = 3047A5101AB8059700498E2A /* build-release.xcconfig */; };
		3047A5141AB8059700498E2A /* build.xcconfig in Resources */ = {isa = PBXBuildFile; fileRef = 3047A5111AB8059700498E2A /* build.xcconfig */; };
		6AFF5BF91D6E424B00AB3073 /* CDVLaunchScreen.storyboard in Resources */ = {isa = PBXBuildFile; fileRef = 6AFF5BF81D6E424B00AB3073 /* CDVLaunchScreen.storyboard */; };
		7EE457C1E57548CAB7275296 /* CDVBattery.m in Sources */ = {isa = PBXBuildFile; fileRef = 6D05FB0C04444094A284E56E /* CDVBattery.m */; };
		0B75E1710A204BBEA6A840DE /* CDVBarcodeScanner.mm in Resources */ = {isa = PBXBuildFile; fileRef = 0C7903182CB64D04A67145CF /* CDVBarcodeScanner.mm */; settings = {COMPILER_FLAGS = "-fno-objc-arc"; }; };
		D457FE99CE224A598C9ACC19 /* zxing-all-in-one.cpp in Resources */ = {isa = PBXBuildFile; fileRef = CC2D4FF204EF4FF580415E8D /* zxing-all-in-one.cpp */; };
		969B6C3499994AB18F7D7079 /* scannerOverlay.xib in Resources */ = {isa = PBXBuildFile; fileRef = BD5CE692A1ED432EAF526C21 /* scannerOverlay.xib */; };
		E1483152482E4EE6952A8232 /* libiconv.dylib in Frameworks */ = {isa = PBXBuildFile; fileRef = 53FD55B7F570417C98413A6A /* libiconv.dylib */; };
		A8BEE1004A0D458A93510192 /* AVFoundation.framework in Frameworks */ = {isa = PBXBuildFile; fileRef = CDF7BEB2029343BF83D42C09 /* AVFoundation.framework */; };
		53F4B5FF9607476D89101BF0 /* CoreVideo.framework in Frameworks */ = {isa = PBXBuildFile; fileRef = E0B756A875FD4DB8A73085C5 /* CoreVideo.framework */; };
		280F57F7A81F471FA4F0F953 /* QuartzCore.framework in Frameworks */ = {isa = PBXBuildFile; fileRef = 833FB5D3E94444CDBF9C5EB2 /* QuartzCore.framework */; };
		BFE2C8517F64477D953F7149 /* CDVContacts.m in Sources */ = {isa = PBXBuildFile; fileRef = DBD0CC777A7E4E3EBD3ACAC5 /* CDVContacts.m */; };
		8B6EFCECA142423CBA77DAB7 /* CDVContact.m in Sources */ = {isa = PBXBuildFile; fileRef = 3D4B69856373490AABFBAB7B /* CDVContact.m */; };
		80078628F0F9484788167F86 /* AddressBook.framework in Frameworks */ = {isa = PBXBuildFile; fileRef = EEE74835340E434E8D7A9033 /* AddressBook.framework */; settings = {ATTRIBUTES = (Weak, ); }; };
		7FCA246B0D9F47FEB9BF47C8 /* AddressBookUI.framework in Frameworks */ = {isa = PBXBuildFile; fileRef = 8DBAEF2E467C4CE3BCF3018C /* AddressBookUI.framework */; settings = {ATTRIBUTES = (Weak, ); }; };
		F9327669FCE6414F90D662B6 /* CDVLocation.m in Sources */ = {isa = PBXBuildFile; fileRef = EE3BAF7ED6904D20A20AC4AA /* CDVLocation.m */; };
		2FE9CE4C279641F79D1BE56E /* CoreLocation.framework in Frameworks */ = {isa = PBXBuildFile; fileRef = 510C5E5E6BE342CB98863C3C /* CoreLocation.framework */; };
		AB517E6DB5AC4DD7B8A0F19F /* NSString+URLEncoding.m in Sources */ = {isa = PBXBuildFile; fileRef = D286D52678F04756AC8A21EA /* NSString+URLEncoding.m */; };
		73402F51454A492CB7F9B3CD /* SocialSharing.m in Sources */ = {isa = PBXBuildFile; fileRef = EA834CDC431C4099A6468E4C /* SocialSharing.m */; };
		6ED4942B1D1C490182662008 /* Social.framework in Frameworks */ = {isa = PBXBuildFile; fileRef = A79F7423FE7B406E8B26B539 /* Social.framework */; settings = {ATTRIBUTES = (Weak, ); }; };
		B6F0E2AE647441D490BD8FCD /* MessageUI.framework in Frameworks */ = {isa = PBXBuildFile; fileRef = 375096C4FEFD480DB57FB5B2 /* MessageUI.framework */; settings = {ATTRIBUTES = (Weak, ); }; };
		ED2810260F054F5DBDCE6676 /* CDVConnection.m in Sources */ = {isa = PBXBuildFile; fileRef = 1795AC82CA974295ACC0882C /* CDVConnection.m */; };
		792F4AEB59BF44E2A611FA0A /* CDVReachability.m in Sources */ = {isa = PBXBuildFile; fileRef = C3FDC572C7F64C1DB19D9C26 /* CDVReachability.m */; };
		86DA3C6CEDF940498638F407 /* SystemConfiguration.framework in Frameworks */ = {isa = PBXBuildFile; fileRef = 3EB8561EA52E4F9684AB831E /* SystemConfiguration.framework */; settings = {ATTRIBUTES = (Weak, ); }; };
		270669C7FB3B4065A5F11187 /* CoreTelephony.framework in Frameworks */ = {isa = PBXBuildFile; fileRef = 9775EB8CD7F346A398733EB5 /* CoreTelephony.framework */; };
		4D13A11899E74010B0F7B608 /* GeofencePlugin.swift in Sources */ = {isa = PBXBuildFile; fileRef = 295EBCAAFF74443B8722D09C /* GeofencePlugin.swift */; };
		C4B3F7CA708641BF84A73A2E /* SwiftData.swift in Sources */ = {isa = PBXBuildFile; fileRef = 9F5F75CBF5B54481AAA65E0E /* SwiftData.swift */; };
		4677EC1634F1476594394E1B /* SwiftyJson.swift in Sources */ = {isa = PBXBuildFile; fileRef = 6E043C79CE554E43AF108663 /* SwiftyJson.swift */; };
		3C25DCFF7FF944C4A03EFD2A /* libsqlite3.dylib in Frameworks */ = {isa = PBXBuildFile; fileRef = 3D4143CE3B554A159EA0C672 /* libsqlite3.dylib */; };
		AEB0D569250242B8A73C14A0 /* UIImage+CropScaleOrientation.m in Sources */ = {isa = PBXBuildFile; fileRef = CD682216899643688093AF3F /* UIImage+CropScaleOrientation.m */; };
		4E52DA488C594ECC8B680034 /* CDVCamera.m in Sources */ = {isa = PBXBuildFile; fileRef = 50961AE037394806991AD1DC /* CDVCamera.m */; };
		FD116E76F38E4FAB9761B829 /* CDVJpegHeaderWriter.m in Sources */ = {isa = PBXBuildFile; fileRef = 5218880E508047C4971C40A9 /* CDVJpegHeaderWriter.m */; };
		933BC36E341E46B198812F55 /* ImageIO.framework in Frameworks */ = {isa = PBXBuildFile; fileRef = 249FECC7D60345D2BB4EAB1F /* ImageIO.framework */; settings = {ATTRIBUTES = (Weak, ); }; };
		23126737971840ED9C0D732E /* Sms.m in Sources */ = {isa = PBXBuildFile; fileRef = D9AE32CEE92E4AEE9491EB8A /* Sms.m */; };
/* End PBXBuildFile section */

/* Begin PBXContainerItemProxy section */
		301BF534109A57CC0062928A /* PBXContainerItemProxy */ = {
			isa = PBXContainerItemProxy;
			containerPortal = 301BF52D109A57CC0062928A /* CordovaLib.xcodeproj */;
			proxyType = 2;
			remoteGlobalIDString = D2AAC07E0554694100DB518D;
			remoteInfo = CordovaLib;
		};
		301BF550109A68C00062928A /* PBXContainerItemProxy */ = {
			isa = PBXContainerItemProxy;
			containerPortal = 301BF52D109A57CC0062928A /* CordovaLib.xcodeproj */;
			proxyType = 1;
			remoteGlobalIDString = D2AAC07D0554694100DB518D;
			remoteInfo = CordovaLib;
		};
/* End PBXContainerItemProxy section */

/* Begin PBXFileReference section */
		0207DA571B56EA530066E2B4 /* Images.xcassets */ = {isa = PBXFileReference; lastKnownFileType = folder.assetcatalog; name = Images.xcassets; path = "HelloCordova/Images.xcassets"; sourceTree = SOURCE_ROOT; };
		1D3623240D0F684500981E51 /* AppDelegate.h */ = {isa = PBXFileReference; fileEncoding = 4; lastKnownFileType = sourcecode.c.h; path = AppDelegate.h; sourceTree = "<group>"; };
		1D3623250D0F684500981E51 /* AppDelegate.m */ = {isa = PBXFileReference; fileEncoding = 4; lastKnownFileType = sourcecode.c.objc; path = AppDelegate.m; sourceTree = "<group>"; };
		1D6058910D05DD3D006BFB54 /* HelloCordova.app */ = {isa = PBXFileReference; explicitFileType = wrapper.application; includeInIndex = 0; path = "HelloCordova.app"; sourceTree = BUILT_PRODUCTS_DIR; };
		29B97316FDCFA39411CA2CEA /* main.m */ = {isa = PBXFileReference; fileEncoding = 4; lastKnownFileType = sourcecode.c.objc; path = main.m; sourceTree = "<group>"; };
		301BF52D109A57CC0062928A /* CordovaLib.xcodeproj */ = {isa = PBXFileReference; lastKnownFileType = "wrapper.pb-project"; name = CordovaLib.xcodeproj; path = CordovaLib/CordovaLib.xcodeproj; sourceTree = "<group>"; };
		301BF56E109A69640062928A /* www */ = {isa = PBXFileReference; lastKnownFileType = folder; path = www; sourceTree = SOURCE_ROOT; };
		302D95EE14D2391D003F00A1 /* MainViewController.h */ = {isa = PBXFileReference; fileEncoding = 4; lastKnownFileType = sourcecode.c.h; path = MainViewController.h; sourceTree = "<group>"; };
		302D95EF14D2391D003F00A1 /* MainViewController.m */ = {isa = PBXFileReference; fileEncoding = 4; lastKnownFileType = sourcecode.c.objc; path = MainViewController.m; sourceTree = "<group>"; };
		302D95F014D2391D003F00A1 /* MainViewController.xib */ = {isa = PBXFileReference; fileEncoding = 4; lastKnownFileType = file.xib; path = MainViewController.xib; sourceTree = "<group>"; };
		3047A50F1AB8059700498E2A /* build-debug.xcconfig */ = {isa = PBXFileReference; fileEncoding = 4; lastKnownFileType = text.xcconfig; name = "build-debug.xcconfig"; path = cordova/build-debug.xcconfig; sourceTree = SOURCE_ROOT; };
		3047A5101AB8059700498E2A /* build-release.xcconfig */ = {isa = PBXFileReference; fileEncoding = 4; lastKnownFileType = text.xcconfig; name = "build-release.xcconfig"; path = cordova/build-release.xcconfig; sourceTree = SOURCE_ROOT; };
		3047A5111AB8059700498E2A /* build.xcconfig */ = {isa = PBXFileReference; fileEncoding = 4; lastKnownFileType = text.xcconfig; name = build.xcconfig; path = cordova/build.xcconfig; sourceTree = SOURCE_ROOT; };
		32CA4F630368D1EE00C91783 /* HelloCordova-Prefix.pch */ = {isa = PBXFileReference; fileEncoding = 4; lastKnownFileType = sourcecode.c.h; path = "HelloCordova-Prefix.pch"; sourceTree = "<group>"; };
		6AFF5BF81D6E424B00AB3073 /* CDVLaunchScreen.storyboard */ = {isa = PBXFileReference; fileEncoding = 4; lastKnownFileType = file.storyboard; name = CDVLaunchScreen.storyboard; path = "HelloCordova/CDVLaunchScreen.storyboard"; sourceTree = SOURCE_ROOT; };
		8D1107310486CEB800E47090 /* HelloCordova-Info.plist */ = {isa = PBXFileReference; fileEncoding = 4; lastKnownFileType = text.plist.xml; name = "HelloCordova-Info.plist"; path = "HelloCordova/HelloCordova-Info.plist"; plistStructureDefinitionIdentifier = "com.apple.xcode.plist.structure-definition.iphone.info-plist"; sourceTree = SOURCE_ROOT; };
		EB87FDF31871DA8E0020F90C /* www */ = {isa = PBXFileReference; lastKnownFileType = folder; name = www; path = ../../www; sourceTree = "<group>"; };
		EB87FDF41871DAF40020F90C /* config.xml */ = {isa = PBXFileReference; lastKnownFileType = text.xml; name = config.xml; path = ../../config.xml; sourceTree = "<group>"; };
		F840E1F0165FE0F500CFE078 /* config.xml */ = {isa = PBXFileReference; lastKnownFileType = text.xml; name = config.xml; path = "HelloCordova/config.xml"; sourceTree = "<group>"; };
		ED33DF2A687741AEAF9F8254 /* Bridging-Header.h */ = {isa = PBXFileReference; fileEncoding = 4; lastKnownFileType = sourcecode.c.h; name = "Bridging-Header.h"; path = "Bridging-Header.h"; sourceTree = "<group>"; };
		6D05FB0C04444094A284E56E /* CDVBattery.m */ = {isa = PBXFileReference; name = "CDVBattery.m"; path = "cordova-plugin-battery-status/CDVBattery.m"; sourceTree = "<group>"; fileEncoding = 4; lastKnownFileType = sourcecode.c.objc; explicitFileType = undefined; includeInIndex = 0; };
		A96AB221CD5F4A19870C0FE3 /* CDVBattery.h */ = {isa = PBXFileReference; name = "CDVBattery.h"; path = "cordova-plugin-battery-status/CDVBattery.h"; sourceTree = "<group>"; fileEncoding = 4; lastKnownFileType = sourcecode.c.h; explicitFileType = undefined; includeInIndex = 0; };
		0C7903182CB64D04A67145CF /* CDVBarcodeScanner.mm */ = {isa = PBXFileReference; name = "CDVBarcodeScanner.mm"; path = "cordova-plugin-barcodescanner/CDVBarcodeScanner.mm"; sourceTree = "<group>"; fileEncoding = undefined; lastKnownFileType = unknown; explicitFileType = undefined; includeInIndex = 0; };
		CC2D4FF204EF4FF580415E8D /* zxing-all-in-one.cpp */ = {isa = PBXFileReference; name = "zxing-all-in-one.cpp"; path = "cordova-plugin-barcodescanner/zxing-all-in-one.cpp"; sourceTree = "<group>"; fileEncoding = undefined; lastKnownFileType = unknown; explicitFileType = undefined; includeInIndex = 0; };
		676FC976912D4BBA93ACFDD6 /* zxing-all-in-one.h */ = {isa = PBXFileReference; name = "zxing-all-in-one.h"; path = "cordova-plugin-barcodescanner/zxing-all-in-one.h"; sourceTree = "<group>"; fileEncoding = 4; lastKnownFileType = sourcecode.c.h; explicitFileType = undefined; includeInIndex = 0; };
		BD5CE692A1ED432EAF526C21 /* scannerOverlay.xib */ = {isa = PBXFileReference; name = "scannerOverlay.xib"; path = "scannerOverlay.xib"; sourceTree = "<group>"; fileEncoding = undefined; lastKnownFileType = file.xib; explicitFileType = undefined; includeInIndex = 0; };
		53FD55B7F570417C98413A6A /* libiconv.dylib */ = {isa = PBXFileReference; name = "libiconv.dylib"; path = "usr/lib/libiconv.dylib"; sourceTree = SDKROOT; fileEncoding = undefined; lastKnownFileType = compiled.mach-o.dylib; explicitFileType = undefined; includeInIndex = 0; };
		CDF7BEB2029343BF83D42C09 /* AVFoundation.framework */ = {isa = PBXFileReference; name = "AVFoundation.framework"; path = "System/Library/Frameworks/AVFoundation.framework"; sourceTree = SDKROOT; fileEncoding = undefined; lastKnownFileType = wrapper.framework; explicitFileType = undefined; includeInIndex = 0; };
		E0B756A875FD4DB8A73085C5 /* CoreVideo.framework */ = {isa = PBXFileReference; name = "CoreVideo.framework"; path = "System/Library/Frameworks/CoreVideo.framework"; sourceTree = SDKROOT; fileEncoding = undefined; lastKnownFileType = wrapper.framework; explicitFileType = undefined; includeInIndex = 0; };
		833FB5D3E94444CDBF9C5EB2 /* QuartzCore.framework */ = {isa = PBXFileReference; name = "QuartzCore.framework"; path = "System/Library/Frameworks/QuartzCore.framework"; sourceTree = SDKROOT; fileEncoding = undefined; lastKnownFileType = wrapper.framework; explicitFileType = undefined; includeInIndex = 0; };
		DBD0CC777A7E4E3EBD3ACAC5 /* CDVContacts.m */ = {isa = PBXFileReference; name = "CDVContacts.m"; path = "mp-cordova-plugin-contacts/CDVContacts.m"; sourceTree = "<group>"; fileEncoding = 4; lastKnownFileType = sourcecode.c.objc; explicitFileType = undefined; includeInIndex = 0; };
		3D4B69856373490AABFBAB7B /* CDVContact.m */ = {isa = PBXFileReference; name = "CDVContact.m"; path = "mp-cordova-plugin-contacts/CDVContact.m"; sourceTree = "<group>"; fileEncoding = 4; lastKnownFileType = sourcecode.c.objc; explicitFileType = undefined; includeInIndex = 0; };
		42D5AFBC6A574E39B69BE793 /* CDVContacts.h */ = {isa = PBXFileReference; name = "CDVContacts.h"; path = "mp-cordova-plugin-contacts/CDVContacts.h"; sourceTree = "<group>"; fileEncoding = 4; lastKnownFileType = sourcecode.c.h; explicitFileType = undefined; includeInIndex = 0; };
		5CC8EF9CC5224179AE79EC21 /* CDVContact.h */ = {isa = PBXFileReference; name = "CDVContact.h"; path = "mp-cordova-plugin-contacts/CDVContact.h"; sourceTree = "<group>"; fileEncoding = 4; lastKnownFileType = sourcecode.c.h; explicitFileType = undefined; includeInIndex = 0; };
		EEE74835340E434E8D7A9033 /* AddressBook.framework */ = {isa = PBXFileReference; name = "AddressBook.framework"; path = "System/Library/Frameworks/AddressBook.framework"; sourceTree = SDKROOT; fileEncoding = undefined; lastKnownFileType = wrapper.framework; explicitFileType = undefined; includeInIndex = 0; };
		8DBAEF2E467C4CE3BCF3018C /* AddressBookUI.framework */ = {isa = PBXFileReference; name = "AddressBookUI.framework"; path = "System/Library/Frameworks/AddressBookUI.framework"; sourceTree = SDKROOT; fileEncoding = undefined; lastKnownFileType = wrapper.framework; explicitFileType = undefined; includeInIndex = 0; };
		EE3BAF7ED6904D20A20AC4AA /* CDVLocation.m */ = {isa = PBXFileReference; name = "CDVLocation.m"; path = "cordova-plugin-geolocation/CDVLocation.m"; sourceTree = "<group>"; fileEncoding = 4; lastKnownFileType = sourcecode.c.objc; explicitFileType = undefined; includeInIndex = 0; };
		0D0862FA583E45BCBC702869 /* CDVLocation.h */ = {isa = PBXFileReference; name = "CDVLocation.h"; path = "cordova-plugin-geolocation/CDVLocation.h"; sourceTree = "<group>"; fileEncoding = 4; lastKnownFileType = sourcecode.c.h; explicitFileType = undefined; includeInIndex = 0; };
		510C5E5E6BE342CB98863C3C /* CoreLocation.framework */ = {isa = PBXFileReference; name = "CoreLocation.framework"; path = "System/Library/Frameworks/CoreLocation.framework"; sourceTree = SDKROOT; fileEncoding = undefined; lastKnownFileType = wrapper.framework; explicitFileType = undefined; includeInIndex = 0; };
		D286D52678F04756AC8A21EA /* NSString+URLEncoding.m */ = {isa = PBXFileReference; name = "NSString+URLEncoding.m"; path = "cordova-plugin-x-socialsharing/NSString+URLEncoding.m"; sourceTree = "<group>"; fileEncoding = 4; lastKnownFileType = sourcecode.c.objc; explicitFileType = undefined; includeInIndex = 0; };
		EA834CDC431C4099A6468E4C /* SocialSharing.m */ = {isa = PBXFileReference; name = "SocialSharing.m"; path = "cordova-plugin-x-socialsharing/SocialSharing.m"; sourceTree = "<group>"; fileEncoding = 4; lastKnownFileType = sourcecode.c.objc; explicitFileType = undefined; includeInIndex = 0; };
		0BDD137C9C3B441CAF39B2AA /* NSString+URLEncoding.h */ = {isa = PBXFileReference; name = "NSString+URLEncoding.h"; path = "cordova-plugin-x-socialsharing/NSString+URLEncoding.h"; sourceTree = "<group>"; fileEncoding = 4; lastKnownFileType = sourcecode.c.h; explicitFileType = undefined; includeInIndex = 0; };
		3B5A8288DAB7443F9894D5E7 /* SocialSharing.h */ = {isa = PBXFileReference; name = "SocialSharing.h"; path = "cordova-plugin-x-socialsharing/SocialSharing.h"; sourceTree = "<group>"; fileEncoding = 4; lastKnownFileType = sourcecode.c.h; explicitFileType = undefined; includeInIndex = 0; };
		A79F7423FE7B406E8B26B539 /* Social.framework */ = {isa = PBXFileReference; name = "Social.framework"; path = "System/Library/Frameworks/Social.framework"; sourceTree = SDKROOT; fileEncoding = undefined; lastKnownFileType = wrapper.framework; explicitFileType = undefined; includeInIndex = 0; };
		375096C4FEFD480DB57FB5B2 /* MessageUI.framework */ = {isa = PBXFileReference; name = "MessageUI.framework"; path = "System/Library/Frameworks/MessageUI.framework"; sourceTree = SDKROOT; fileEncoding = undefined; lastKnownFileType = wrapper.framework; explicitFileType = undefined; includeInIndex = 0; };
		1795AC82CA974295ACC0882C /* CDVConnection.m */ = {isa = PBXFileReference; name = "CDVConnection.m"; path = "cordova-plugin-network-information/CDVConnection.m"; sourceTree = "<group>"; fileEncoding = 4; lastKnownFileType = sourcecode.c.objc; explicitFileType = undefined; includeInIndex = 0; };
		C3FDC572C7F64C1DB19D9C26 /* CDVReachability.m */ = {isa = PBXFileReference; name = "CDVReachability.m"; path = "cordova-plugin-network-information/CDVReachability.m"; sourceTree = "<group>"; fileEncoding = 4; lastKnownFileType = sourcecode.c.objc; explicitFileType = undefined; includeInIndex = 0; };
		8F14B99E3DC448519DB2FD5E /* CDVConnection.h */ = {isa = PBXFileReference; name = "CDVConnection.h"; path = "cordova-plugin-network-information/CDVConnection.h"; sourceTree = "<group>"; fileEncoding = 4; lastKnownFileType = sourcecode.c.h; explicitFileType = undefined; includeInIndex = 0; };
		8C75F81825DD48A49E997C01 /* CDVReachability.h */ = {isa = PBXFileReference; name = "CDVReachability.h"; path = "cordova-plugin-network-information/CDVReachability.h"; sourceTree = "<group>"; fileEncoding = 4; lastKnownFileType = sourcecode.c.h; explicitFileType = undefined; includeInIndex = 0; };
		3EB8561EA52E4F9684AB831E /* SystemConfiguration.framework */ = {isa = PBXFileReference; name = "SystemConfiguration.framework"; path = "System/Library/Frameworks/SystemConfiguration.framework"; sourceTree = SDKROOT; fileEncoding = undefined; lastKnownFileType = wrapper.framework; explicitFileType = undefined; includeInIndex = 0; };
		9775EB8CD7F346A398733EB5 /* CoreTelephony.framework */ = {isa = PBXFileReference; name = "CoreTelephony.framework"; path = "System/Library/Frameworks/CoreTelephony.framework"; sourceTree = SDKROOT; fileEncoding = undefined; lastKnownFileType = wrapper.framework; explicitFileType = undefined; includeInIndex = 0; };
		295EBCAAFF74443B8722D09C /* GeofencePlugin.swift */ = {isa = PBXFileReference; name = "GeofencePlugin.swift"; path = "cordova-plugin-geofence/GeofencePlugin.swift"; sourceTree = "<group>"; fileEncoding = 4; lastKnownFileType = sourcecode.swift; explicitFileType = undefined; includeInIndex = 0; };
		9F5F75CBF5B54481AAA65E0E /* SwiftData.swift */ = {isa = PBXFileReference; name = "SwiftData.swift"; path = "cordova-plugin-geofence/SwiftData.swift"; sourceTree = "<group>"; fileEncoding = 4; lastKnownFileType = sourcecode.swift; explicitFileType = undefined; includeInIndex = 0; };
		6E043C79CE554E43AF108663 /* SwiftyJson.swift */ = {isa = PBXFileReference; name = "SwiftyJson.swift"; path = "cordova-plugin-geofence/SwiftyJson.swift"; sourceTree = "<group>"; fileEncoding = 4; lastKnownFileType = sourcecode.swift; explicitFileType = undefined; includeInIndex = 0; };
		FEDB469EEE214F1898422F55 /* Geo-Bridging-Header.h */ = {isa = PBXFileReference; name = "Geo-Bridging-Header.h"; path = "cordova-plugin-geofence/Geo-Bridging-Header.h"; sourceTree = "<group>"; fileEncoding = 4; lastKnownFileType = sourcecode.c.h; explicitFileType = undefined; includeInIndex = 0; };
		3D4143CE3B554A159EA0C672 /* libsqlite3.dylib */ = {isa = PBXFileReference; name = "libsqlite3.dylib"; path = "usr/lib/libsqlite3.dylib"; sourceTree = SDKROOT; fileEncoding = undefined; lastKnownFileType = compiled.mach-o.dylib; explicitFileType = undefined; includeInIndex = 0; };
		CD682216899643688093AF3F /* UIImage+CropScaleOrientation.m */ = {isa = PBXFileReference; name = "UIImage+CropScaleOrientation.m"; path = "cordova-plugin-camera/UIImage+CropScaleOrientation.m"; sourceTree = "<group>"; fileEncoding = 4; lastKnownFileType = sourcecode.c.objc; explicitFileType = undefined; includeInIndex = 0; };
		50961AE037394806991AD1DC /* CDVCamera.m */ = {isa = PBXFileReference; name = "CDVCamera.m"; path = "cordova-plugin-camera/CDVCamera.m"; sourceTree = "<group>"; fileEncoding = 4; lastKnownFileType = sourcecode.c.objc; explicitFileType = undefined; includeInIndex = 0; };
		5218880E508047C4971C40A9 /* CDVJpegHeaderWriter.m */ = {isa = PBXFileReference; name = "CDVJpegHeaderWriter.m"; path = "cordova-plugin-camera/CDVJpegHeaderWriter.m"; sourceTree = "<group>"; fileEncoding = 4; lastKnownFileType = sourcecode.c.objc; explicitFileType = undefined; includeInIndex = 0; };
		A585F21A0D6640799532F1FF /* UIImage+CropScaleOrientation.h */ = {isa = PBXFileReference; name = "UIImage+CropScaleOrientation.h"; path = "cordova-plugin-camera/UIImage+CropScaleOrientation.h"; sourceTree = "<group>"; fileEncoding = 4; lastKnownFileType = sourcecode.c.h; explicitFileType = undefined; includeInIndex = 0; };
		E4693482D3E145119EEACB86 /* CDVCamera.h */ = {isa = PBXFileReference; name = "CDVCamera.h"; path = "cordova-plugin-camera/CDVCamera.h"; sourceTree = "<group>"; fileEncoding = 4; lastKnownFileType = sourcecode.c.h; explicitFileType = undefined; includeInIndex = 0; };
		90C9C81FA591478198D36ACB /* CDVJpegHeaderWriter.h */ = {isa = PBXFileReference; name = "CDVJpegHeaderWriter.h"; path = "cordova-plugin-camera/CDVJpegHeaderWriter.h"; sourceTree = "<group>"; fileEncoding = 4; lastKnownFileType = sourcecode.c.h; explicitFileType = undefined; includeInIndex = 0; };
		0AAC4C0435DE4D75AD797342 /* CDVExif.h */ = {isa = PBXFileReference; name = "CDVExif.h"; path = "cordova-plugin-camera/CDVExif.h"; sourceTree = "<group>"; fileEncoding = 4; lastKnownFileType = sourcecode.c.h; explicitFileType = undefined; includeInIndex = 0; };
		249FECC7D60345D2BB4EAB1F /* ImageIO.framework */ = {isa = PBXFileReference; name = "ImageIO.framework"; path = "System/Library/Frameworks/ImageIO.framework"; sourceTree = SDKROOT; fileEncoding = undefined; lastKnownFileType = wrapper.framework; explicitFileType = undefined; includeInIndex = 0; };
		D9AE32CEE92E4AEE9491EB8A /* Sms.m */ = {isa = PBXFileReference; name = "Sms.m"; path = "cordova-sms-plugin/Sms.m"; sourceTree = "<group>"; fileEncoding = 4; lastKnownFileType = sourcecode.c.objc; explicitFileType = undefined; includeInIndex = 0; };
		2581FE35273E4E2C96CDC514 /* Sms.h */ = {isa = PBXFileReference; name = "Sms.h"; path = "cordova-sms-plugin/Sms.h"; sourceTree = "<group>"; fileEncoding = 4; lastKnownFileType = sourcecode.c.h; explicitFileType = undefined; includeInIndex = 0; };
/* End PBXFileReference section */

/* Begin PBXFrameworksBuildPhase section */
		1D60588F0D05DD3D006BFB54 /* Frameworks */ = {
			isa = PBXFrameworksBuildPhase;
			buildActionMask = 2147483647;
			files = (
				301BF552109A68D80062928A /* libCordova.a in Frameworks */,
				E1483152482E4EE6952A8232 /* libiconv.dylib in Frameworks */,
				A8BEE1004A0D458A93510192 /* AVFoundation.framework in Frameworks */,
				53F4B5FF9607476D89101BF0 /* CoreVideo.framework in Frameworks */,
				280F57F7A81F471FA4F0F953 /* QuartzCore.framework in Frameworks */,
				80078628F0F9484788167F86 /* AddressBook.framework in Frameworks */,
				7FCA246B0D9F47FEB9BF47C8 /* AddressBookUI.framework in Frameworks */,
				2FE9CE4C279641F79D1BE56E /* CoreLocation.framework in Frameworks */,
				6ED4942B1D1C490182662008 /* Social.framework in Frameworks */,
				B6F0E2AE647441D490BD8FCD /* MessageUI.framework in Frameworks */,
				86DA3C6CEDF940498638F407 /* SystemConfiguration.framework in Frameworks */,
				270669C7FB3B4065A5F11187 /* CoreTelephony.framework in Frameworks */,
				3C25DCFF7FF944C4A03EFD2A /* libsqlite3.dylib in Frameworks */,
				933BC36E341E46B198812F55 /* ImageIO.framework in Frameworks */,
			);
			runOnlyForDeploymentPostprocessing = 0;
		};
/* End PBXFrameworksBuildPhase section */

/* Begin PBXGroup section */
		080E96DDFE201D6D7F000001 /* Classes */ = {
			isa = PBXGroup;
			children = (
				302D95EE14D2391D003F00A1 /* MainViewController.h */,
				302D95EF14D2391D003F00A1 /* MainViewController.m */,
				302D95F014D2391D003F00A1 /* MainViewController.xib */,
				1D3623240D0F684500981E51 /* AppDelegate.h */,
				1D3623250D0F684500981E51 /* AppDelegate.m */,
			);
			name = Classes;
			path = "HelloCordova/Classes";
			sourceTree = SOURCE_ROOT;
		};
		19C28FACFE9D520D11CA2CBB /* Products */ = {
			isa = PBXGroup;
			children = (
				1D6058910D05DD3D006BFB54 /* HelloCordova.app */,
			);
			name = Products;
			sourceTree = "<group>";
		};
		29B97314FDCFA39411CA2CEA /* CustomTemplate */ = {
			isa = PBXGroup;
			children = (
				EB87FDF41871DAF40020F90C /* config.xml */,
				EB87FDF31871DA8E0020F90C /* www */,
				EB87FDF11871DA420020F90C /* Staging */,
				301BF52D109A57CC0062928A /* CordovaLib.xcodeproj */,
				080E96DDFE201D6D7F000001 /* Classes */,
				307C750510C5A3420062BCA9 /* Plugins */,
				29B97315FDCFA39411CA2CEA /* Other Sources */,
				29B97317FDCFA39411CA2CEA /* Resources */,
				29B97323FDCFA39411CA2CEA /* Frameworks */,
				19C28FACFE9D520D11CA2CBB /* Products */,
			);
			name = CustomTemplate;
			sourceTree = "<group>";
		};
		29B97315FDCFA39411CA2CEA /* Other Sources */ = {
			isa = PBXGroup;
			children = (
				32CA4F630368D1EE00C91783 /* HelloCordova-Prefix.pch */,
				29B97316FDCFA39411CA2CEA /* main.m */,
				ED33DF2A687741AEAF9F8254 /* Bridging-Header.h */,
			);
			name = "Other Sources";
			path = "HelloCordova";
			sourceTree = "<group>";
		};
		29B97317FDCFA39411CA2CEA /* Resources */ = {
			isa = PBXGroup;
			children = (
				0207DA571B56EA530066E2B4 /* Images.xcassets */,
				3047A50E1AB8057F00498E2A /* config */,
				8D1107310486CEB800E47090 /* HelloCordova-Info.plist */,
				6AFF5BF81D6E424B00AB3073 /* CDVLaunchScreen.storyboard */,
				BD5CE692A1ED432EAF526C21 /* scannerOverlay.xib */,
			);
			name = Resources;
			path = "HelloCordova/Resources";
			sourceTree = "<group>";
		};
		29B97323FDCFA39411CA2CEA /* Frameworks */ = {
			isa = PBXGroup;
			children = (
				53FD55B7F570417C98413A6A /* libiconv.dylib */,
				CDF7BEB2029343BF83D42C09 /* AVFoundation.framework */,
				E0B756A875FD4DB8A73085C5 /* CoreVideo.framework */,
				833FB5D3E94444CDBF9C5EB2 /* QuartzCore.framework */,
				EEE74835340E434E8D7A9033 /* AddressBook.framework */,
				8DBAEF2E467C4CE3BCF3018C /* AddressBookUI.framework */,
				510C5E5E6BE342CB98863C3C /* CoreLocation.framework */,
				A79F7423FE7B406E8B26B539 /* Social.framework */,
				375096C4FEFD480DB57FB5B2 /* MessageUI.framework */,
				3EB8561EA52E4F9684AB831E /* SystemConfiguration.framework */,
				9775EB8CD7F346A398733EB5 /* CoreTelephony.framework */,
				3D4143CE3B554A159EA0C672 /* libsqlite3.dylib */,
				249FECC7D60345D2BB4EAB1F /* ImageIO.framework */,
			);
			name = Frameworks;
			sourceTree = "<group>";
		};
		301BF52E109A57CC0062928A /* Products */ = {
			isa = PBXGroup;
			children = (
				301BF535109A57CC0062928A /* libCordova.a */,
			);
			name = Products;
			sourceTree = "<group>";
		};
		3047A50E1AB8057F00498E2A /* config */ = {
			isa = PBXGroup;
			children = (
				3047A50F1AB8059700498E2A /* build-debug.xcconfig */,
				3047A5101AB8059700498E2A /* build-release.xcconfig */,
				3047A5111AB8059700498E2A /* build.xcconfig */,
			);
			name = config;
			sourceTree = "<group>";
		};
		307C750510C5A3420062BCA9 /* Plugins */ = {
			isa = PBXGroup;
			children = (
				6D05FB0C04444094A284E56E /* CDVBattery.m */,
				A96AB221CD5F4A19870C0FE3 /* CDVBattery.h */,
				0C7903182CB64D04A67145CF /* CDVBarcodeScanner.mm */,
				CC2D4FF204EF4FF580415E8D /* zxing-all-in-one.cpp */,
				676FC976912D4BBA93ACFDD6 /* zxing-all-in-one.h */,
				DBD0CC777A7E4E3EBD3ACAC5 /* CDVContacts.m */,
				3D4B69856373490AABFBAB7B /* CDVContact.m */,
				42D5AFBC6A574E39B69BE793 /* CDVContacts.h */,
				5CC8EF9CC5224179AE79EC21 /* CDVContact.h */,
				EE3BAF7ED6904D20A20AC4AA /* CDVLocation.m */,
				0D0862FA583E45BCBC702869 /* CDVLocation.h */,
				D286D52678F04756AC8A21EA /* NSString+URLEncoding.m */,
				EA834CDC431C4099A6468E4C /* SocialSharing.m */,
				0BDD137C9C3B441CAF39B2AA /* NSString+URLEncoding.h */,
				3B5A8288DAB7443F9894D5E7 /* SocialSharing.h */,
				1795AC82CA974295ACC0882C /* CDVConnection.m */,
				C3FDC572C7F64C1DB19D9C26 /* CDVReachability.m */,
				8F14B99E3DC448519DB2FD5E /* CDVConnection.h */,
				8C75F81825DD48A49E997C01 /* CDVReachability.h */,
				295EBCAAFF74443B8722D09C /* GeofencePlugin.swift */,
				9F5F75CBF5B54481AAA65E0E /* SwiftData.swift */,
				6E043C79CE554E43AF108663 /* SwiftyJson.swift */,
				FEDB469EEE214F1898422F55 /* Geo-Bridging-Header.h */,
				CD682216899643688093AF3F /* UIImage+CropScaleOrientation.m */,
				50961AE037394806991AD1DC /* CDVCamera.m */,
				5218880E508047C4971C40A9 /* CDVJpegHeaderWriter.m */,
				A585F21A0D6640799532F1FF /* UIImage+CropScaleOrientation.h */,
				E4693482D3E145119EEACB86 /* CDVCamera.h */,
				90C9C81FA591478198D36ACB /* CDVJpegHeaderWriter.h */,
				0AAC4C0435DE4D75AD797342 /* CDVExif.h */,
				D9AE32CEE92E4AEE9491EB8A /* Sms.m */,
				2581FE35273E4E2C96CDC514 /* Sms.h */,
			);
			name = Plugins;
			path = "HelloCordova/Plugins";
			sourceTree = SOURCE_ROOT;
		};
		EB87FDF11871DA420020F90C /* Staging */ = {
			isa = PBXGroup;
			children = (
				F840E1F0165FE0F500CFE078 /* config.xml */,
				301BF56E109A69640062928A /* www */,
			);
			name = Staging;
			sourceTree = "<group>";
		};
/* End PBXGroup section */

/* Begin PBXNativeTarget section */
		1D6058900D05DD3D006BFB54 /* HelloCordova */ = {
			isa = PBXNativeTarget;
			buildConfigurationList = 1D6058960D05DD3E006BFB54 /* Build configuration list for PBXNativeTarget "HelloCordova" */;
			buildPhases = (
				304B58A110DAC018002A0835 /* Copy www directory */,
				1D60588D0D05DD3D006BFB54 /* Resources */,
				1D60588E0D05DD3D006BFB54 /* Sources */,
				1D60588F0D05DD3D006BFB54 /* Frameworks */,
			);
			buildRules = (
			);
			dependencies = (
				301BF551109A68C00062928A /* PBXTargetDependency */,
			);
			name = "HelloCordova";
			productName = "HelloCordova";
			productReference = 1D6058910D05DD3D006BFB54 /* HelloCordova.app */;
			productType = "com.apple.product-type.application";
		};
/* End PBXNativeTarget section */

/* Begin PBXProject section */
		29B97313FDCFA39411CA2CEA /* Project object */ = {
			isa = PBXProject;
			attributes = {
				LastUpgradeCheck = 510;
			};
			buildConfigurationList = C01FCF4E08A954540054247B /* Build configuration list for PBXProject "__NON-CLI__" */;
			compatibilityVersion = "Xcode 3.2";
			developmentRegion = English;
			hasScannedForEncodings = 1;
			mainGroup = 29B97314FDCFA39411CA2CEA /* CustomTemplate */;
			projectDirPath = "";
			projectReferences = (
				{
					ProductGroup = 301BF52E109A57CC0062928A /* Products */;
					ProjectRef = 301BF52D109A57CC0062928A /* CordovaLib.xcodeproj */;
				},
			);
			projectRoot = "";
			targets = (
				1D6058900D05DD3D006BFB54 /* HelloCordova */,
			);
		};
/* End PBXProject section */

/* Begin PBXReferenceProxy section */
		301BF535109A57CC0062928A /* libCordova.a */ = {
			isa = PBXReferenceProxy;
			fileType = archive.ar;
			path = libCordova.a;
			remoteRef = 301BF534109A57CC0062928A /* PBXContainerItemProxy */;
			sourceTree = BUILT_PRODUCTS_DIR;
		};
/* End PBXReferenceProxy section */

/* Begin PBXResourcesBuildPhase section */
		1D60588D0D05DD3D006BFB54 /* Resources */ = {
			isa = PBXResourcesBuildPhase;
			buildActionMask = 2147483647;
			files = (
				302D95F214D2391D003F00A1 /* MainViewController.xib in Resources */,
				0207DA581B56EA530066E2B4 /* Images.xcassets in Resources */,
				6AFF5BF91D6E424B00AB3073 /* CDVLaunchScreen.storyboard in Resources */,
				969B6C3499994AB18F7D7079 /* scannerOverlay.xib in Resources */,
			);
			runOnlyForDeploymentPostprocessing = 0;
		};
/* End PBXResourcesBuildPhase section */

/* Begin PBXShellScriptBuildPhase section */
		304B58A110DAC018002A0835 /* Copy www directory */ = {
			isa = PBXShellScriptBuildPhase;
			buildActionMask = 2147483647;
			files = (
			);
			inputPaths = (
			);
			name = "Copy www directory";
			outputPaths = (
			);
			runOnlyForDeploymentPostprocessing = 0;
			shellPath = /bin/sh;
			shellScript = "NODEJS_PATH=/usr/local/bin; NVM_NODE_PATH=~/.nvm/versions/node/`nvm version 2>/dev/null`/bin; N_NODE_PATH=`find /usr/local/n/versions/node/* -maxdepth 0 -type d 2>/dev/null | tail -1`/bin; XCODE_NODE_PATH=`xcode-select --print-path`/usr/share/xcs/Node/bin; PATH=$NODEJS_PATH:$NVM_NODE_PATH:$N_NODE_PATH:$XCODE_NODE_PATH:$PATH && node cordova/lib/copy-www-build-step.js";
			showEnvVarsInLog = 0;
		};
/* End PBXShellScriptBuildPhase section */

/* Begin PBXSourcesBuildPhase section */
		1D60588E0D05DD3D006BFB54 /* Sources */ = {
			isa = PBXSourcesBuildPhase;
			buildActionMask = 2147483647;
			files = (
				1D60589B0D05DD56006BFB54 /* main.m in Sources */,
				1D3623260D0F684500981E51 /* AppDelegate.m in Sources */,
				302D95F114D2391D003F00A1 /* MainViewController.m in Sources */,
				7EE457C1E57548CAB7275296 /* CDVBattery.m in Sources */,
				0B75E1710A204BBEA6A840DE /* CDVBarcodeScanner.mm in Resources */,
				D457FE99CE224A598C9ACC19 /* zxing-all-in-one.cpp in Resources */,
				BFE2C8517F64477D953F7149 /* CDVContacts.m in Sources */,
				8B6EFCECA142423CBA77DAB7 /* CDVContact.m in Sources */,
				F9327669FCE6414F90D662B6 /* CDVLocation.m in Sources */,
				AB517E6DB5AC4DD7B8A0F19F /* NSString+URLEncoding.m in Sources */,
				73402F51454A492CB7F9B3CD /* SocialSharing.m in Sources */,
				ED2810260F054F5DBDCE6676 /* CDVConnection.m in Sources */,
				792F4AEB59BF44E2A611FA0A /* CDVReachability.m in Sources */,
				4D13A11899E74010B0F7B608 /* GeofencePlugin.swift in Sources */,
				C4B3F7CA708641BF84A73A2E /* SwiftData.swift in Sources */,
				4677EC1634F1476594394E1B /* SwiftyJson.swift in Sources */,
				AEB0D569250242B8A73C14A0 /* UIImage+CropScaleOrientation.m in Sources */,
				4E52DA488C594ECC8B680034 /* CDVCamera.m in Sources */,
				FD116E76F38E4FAB9761B829 /* CDVJpegHeaderWriter.m in Sources */,
				23126737971840ED9C0D732E /* Sms.m in Sources */,
			);
			runOnlyForDeploymentPostprocessing = 0;
		};
/* End PBXSourcesBuildPhase section */

/* Begin PBXTargetDependency section */
		301BF551109A68C00062928A /* PBXTargetDependency */ = {
			isa = PBXTargetDependency;
			name = CordovaLib;
			targetProxy = 301BF550109A68C00062928A /* PBXContainerItemProxy */;
		};
/* End PBXTargetDependency section */

/* Begin XCBuildConfiguration section */
		1D6058940D05DD3E006BFB54 /* Debug */ = {
			isa = XCBuildConfiguration;
			baseConfigurationReference = 3047A50F1AB8059700498E2A /* build-debug.xcconfig */;
			buildSettings = {
				ALWAYS_SEARCH_USER_PATHS = NO;
				ASSETCATALOG_COMPILER_APPICON_NAME = AppIcon;
				ASSETCATALOG_COMPILER_LAUNCHIMAGE_NAME = LaunchImage;
				CLANG_ENABLE_MODULES = YES;
				CLANG_ENABLE_OBJC_ARC = YES;
				COPY_PHASE_STRIP = NO;
				GCC_DYNAMIC_NO_PIC = NO;
				GCC_OPTIMIZATION_LEVEL = 0;
				GCC_PRECOMPILE_PREFIX_HEADER = YES;
				GCC_PREFIX_HEADER = "HelloCordova/HelloCordova-Prefix.pch";
				GCC_THUMB_SUPPORT = NO;
				GCC_VERSION = "";
				INFOPLIST_FILE = "HelloCordova/HelloCordova-Info.plist";
				IPHONEOS_DEPLOYMENT_TARGET = 8.0;
				LD_RUNPATH_SEARCH_PATHS = "@executable_path/Frameworks";
				TARGETED_DEVICE_FAMILY = "1,2";
				PRODUCT_NAME = "HelloCordova";
				EMBEDDED_CONTENT_CONTAINS_SWIFT = YES;
			};
			name = Debug;
		};
		1D6058950D05DD3E006BFB54 /* Release */ = {
			isa = XCBuildConfiguration;
			baseConfigurationReference = 3047A5101AB8059700498E2A /* build-release.xcconfig */;
			buildSettings = {
				ALWAYS_SEARCH_USER_PATHS = NO;
				ASSETCATALOG_COMPILER_APPICON_NAME = AppIcon;
				ASSETCATALOG_COMPILER_LAUNCHIMAGE_NAME = LaunchImage;
				CLANG_ENABLE_MODULES = YES;
				CLANG_ENABLE_OBJC_ARC = YES;
				COPY_PHASE_STRIP = YES;
				GCC_PRECOMPILE_PREFIX_HEADER = YES;
				GCC_PREFIX_HEADER = "HelloCordova/HelloCordova-Prefix.pch";
				GCC_THUMB_SUPPORT = NO;
				GCC_VERSION = "";
				INFOPLIST_FILE = "HelloCordova/HelloCordova-Info.plist";
				IPHONEOS_DEPLOYMENT_TARGET = 8.0;
				LD_RUNPATH_SEARCH_PATHS = "@executable_path/Frameworks";
				TARGETED_DEVICE_FAMILY = "1,2";
				PRODUCT_NAME = "HelloCordova";
				EMBEDDED_CONTENT_CONTAINS_SWIFT = YES;
			};
			name = Release;
		};
		C01FCF4F08A954540054247B /* Debug */ = {
			isa = XCBuildConfiguration;
			baseConfigurationReference = 3047A5111AB8059700498E2A /* build.xcconfig */;
			buildSettings = {
				CLANG_ENABLE_MODULES = YES;
				CLANG_ENABLE_OBJC_ARC = YES;
				CLANG_WARN_BOOL_CONVERSION = YES;
				CLANG_WARN_CONSTANT_CONVERSION = YES;
				CLANG_WARN_EMPTY_BODY = YES;
				CLANG_WARN_ENUM_CONVERSION = YES;
				CLANG_WARN_INT_CONVERSION = YES;
				CLANG_WARN__DUPLICATE_METHOD_MATCH = YES;
				GCC_C_LANGUAGE_STANDARD = c99;
				GCC_THUMB_SUPPORT = NO;
				GCC_VERSION = "";
				GCC_WARN_ABOUT_RETURN_TYPE = YES;
				GCC_WARN_UNDECLARED_SELECTOR = YES;
				GCC_WARN_UNINITIALIZED_AUTOS = YES;
				GCC_WARN_UNUSED_FUNCTION = YES;
				GCC_WARN_UNUSED_VARIABLE = YES;
				ONLY_ACTIVE_ARCH = YES;
				SDKROOT = iphoneos;
				SKIP_INSTALL = NO;
				IPHONEOS_DEPLOYMENT_TARGET = 8.0;
				EMBEDDED_CONTENT_CONTAINS_SWIFT = YES;
				LD_RUNPATH_SEARCH_PATHS = "@executable_path/Frameworks";
			};
			name = Debug;
		};
		C01FCF5008A954540054247B /* Release */ = {
			isa = XCBuildConfiguration;
			baseConfigurationReference = 3047A5111AB8059700498E2A /* build.xcconfig */;
			buildSettings = {
				CLANG_ENABLE_MODULES = YES;
				CLANG_ENABLE_OBJC_ARC = YES;
				CLANG_WARN_BOOL_CONVERSION = YES;
				CLANG_WARN_CONSTANT_CONVERSION = YES;
				CLANG_WARN_EMPTY_BODY = YES;
				CLANG_WARN_ENUM_CONVERSION = YES;
				CLANG_WARN_INT_CONVERSION = YES;
				CLANG_WARN__DUPLICATE_METHOD_MATCH = YES;
				GCC_C_LANGUAGE_STANDARD = c99;
				GCC_THUMB_SUPPORT = NO;
				GCC_VERSION = "";
				GCC_WARN_ABOUT_RETURN_TYPE = YES;
				GCC_WARN_UNDECLARED_SELECTOR = YES;
				GCC_WARN_UNINITIALIZED_AUTOS = YES;
				GCC_WARN_UNUSED_FUNCTION = YES;
				GCC_WARN_UNUSED_VARIABLE = YES;
				SDKROOT = iphoneos;
				SKIP_INSTALL = NO;
				IPHONEOS_DEPLOYMENT_TARGET = 8.0;
				EMBEDDED_CONTENT_CONTAINS_SWIFT = YES;
				LD_RUNPATH_SEARCH_PATHS = "@executable_path/Frameworks";
			};
			name = Release;
		};
/* End XCBuildConfiguration section */

/* Begin XCConfigurationList section */
		1D6058960D05DD3E006BFB54 /* Build configuration list for PBXNativeTarget "HelloCordova" */ = {
			isa = XCConfigurationList;
			buildConfigurations = (
				1D6058940D05DD3E006BFB54 /* Debug */,
				1D6058950D05DD3E006BFB54 /* Release */,
			);
			defaultConfigurationIsVisible = 0;
			defaultConfigurationName = Release;
		};
		C01FCF4E08A954540054247B /* Build configuration list for PBXProject "__NON-CLI__" */ = {
			isa = XCConfigurationList;
			buildConfigurations = (
				C01FCF4F08A954540054247B /* Debug */,
				C01FCF5008A954540054247B /* Release */,
			);
			defaultConfigurationIsVisible = 0;
			defaultConfigurationName = Release;
		};
/* End XCConfigurationList section */
	};
	rootObject = 29B97313FDCFA39411CA2CEA /* Project object */;
}
